// !$*UTF8*$!
{
	archiveVersion = 1;
	classes = {
	};
	objectVersion = 46;
	objects = {

/* Begin PBXBuildFile section */
		09673A841AEF5B2E008C7240 /* AppDelegate.swift in Sources */ = {isa = PBXBuildFile; fileRef = 09673A831AEF5B2E008C7240 /* AppDelegate.swift */; };
		09673A861AEF5B2E008C7240 /* ZLSwipeableViewController.swift in Sources */ = {isa = PBXBuildFile; fileRef = 09673A851AEF5B2E008C7240 /* ZLSwipeableViewController.swift */; };
		09673A8B1AEF5B2E008C7240 /* Images.xcassets in Resources */ = {isa = PBXBuildFile; fileRef = 09673A8A1AEF5B2E008C7240 /* Images.xcassets */; };
		09673A8E1AEF5B2E008C7240 /* LaunchScreen.xib in Resources */ = {isa = PBXBuildFile; fileRef = 09673A8C1AEF5B2E008C7240 /* LaunchScreen.xib */; };
		09673A9A1AEF5B2E008C7240 /* ZLSwipeableViewSwiftDemoTests.swift in Sources */ = {isa = PBXBuildFile; fileRef = 09673A991AEF5B2E008C7240 /* ZLSwipeableViewSwiftDemoTests.swift */; };
		098070A21B12ECAD00C90479 /* CardView.swift in Sources */ = {isa = PBXBuildFile; fileRef = 098070A11B12ECAD00C90479 /* CardView.swift */; };
		098070A41B12ED6400C90479 /* CardContentView.xib in Resources */ = {isa = PBXBuildFile; fileRef = 098070A31B12ED6400C90479 /* CardContentView.xib */; };
		098070AB1B13D69300C90479 /* MenuTableViewController.swift in Sources */ = {isa = PBXBuildFile; fileRef = 098070AA1B13D69300C90479 /* MenuTableViewController.swift */; };
		098070AD1B13DEA600C90479 /* HistoryDemoViewController.swift in Sources */ = {isa = PBXBuildFile; fileRef = 098070AC1B13DEA600C90479 /* HistoryDemoViewController.swift */; };
		098070AF1B13E4EC00C90479 /* CustomAnimationDemoViewController.swift in Sources */ = {isa = PBXBuildFile; fileRef = 098070AE1B13E4EC00C90479 /* CustomAnimationDemoViewController.swift */; };
		098070B11B13E9B900C90479 /* CustomSwipeDemoViewController.swift in Sources */ = {isa = PBXBuildFile; fileRef = 098070B01B13E9B900C90479 /* CustomSwipeDemoViewController.swift */; };
		098070B31B13EDB800C90479 /* CustomDirectionDemoViewController.swift in Sources */ = {isa = PBXBuildFile; fileRef = 098070B21B13EDB800C90479 /* CustomDirectionDemoViewController.swift */; };
		099CF6411BDABF8600D05FAA /* PreviousViewDemoViewController.swift in Sources */ = {isa = PBXBuildFile; fileRef = 099CF6401BDABF8600D05FAA /* PreviousViewDemoViewController.swift */; };
		09B2F5291B32018000ECD8B1 /* ShouldSwipeDemoViewController.swift in Sources */ = {isa = PBXBuildFile; fileRef = 09B2F5281B32018000ECD8B1 /* ShouldSwipeDemoViewController.swift */; };
		09E79D171BDA002F00A609A1 /* DirectionTests.swift in Sources */ = {isa = PBXBuildFile; fileRef = 09E79D161BDA002F00A609A1 /* DirectionTests.swift */; };
		09E79D191BDA058000A609A1 /* ViewManagerTests.swift in Sources */ = {isa = PBXBuildFile; fileRef = 09E79D181BDA058000A609A1 /* ViewManagerTests.swift */; };
		09E79D1B1BDAA5BD00A609A1 /* AlwaysSwipeDemoViewController.swift in Sources */ = {isa = PBXBuildFile; fileRef = 09E79D1A1BDAA5BD00A609A1 /* AlwaysSwipeDemoViewController.swift */; };
		466AFFF51CEB912C006FF62A /* Direction.swift in Sources */ = {isa = PBXBuildFile; fileRef = 466AFFF11CEB912C006FF62A /* Direction.swift */; };
		466AFFF61CEB912C006FF62A /* Scheduler.swift in Sources */ = {isa = PBXBuildFile; fileRef = 466AFFF21CEB912C006FF62A /* Scheduler.swift */; };
		466AFFF71CEB912C006FF62A /* ViewManager.swift in Sources */ = {isa = PBXBuildFile; fileRef = 466AFFF31CEB912C006FF62A /* ViewManager.swift */; };
		466AFFF81CEB912C006FF62A /* ZLSwipeableView.swift in Sources */ = {isa = PBXBuildFile; fileRef = 466AFFF41CEB912C006FF62A /* ZLSwipeableView.swift */; };
		946427F2EE69625DD2E9241B /* Pods_ZLSwipeableViewSwiftDemoTests.framework in Frameworks */ = {isa = PBXBuildFile; fileRef = 9C86DA0F3A6E1F9D418584CE /* Pods_ZLSwipeableViewSwiftDemoTests.framework */; };
		CFDAB0BCDA1CAF5B54DF76AF /* Pods_ZLSwipeableViewSwiftDemo.framework in Frameworks */ = {isa = PBXBuildFile; fileRef = 7AD45CD586A46370C71D08D2 /* Pods_ZLSwipeableViewSwiftDemo.framework */; };
/* End PBXBuildFile section */

/* Begin PBXContainerItemProxy section */
		09673A941AEF5B2E008C7240 /* PBXContainerItemProxy */ = {
			isa = PBXContainerItemProxy;
			containerPortal = 09673A761AEF5B2E008C7240 /* Project object */;
			proxyType = 1;
			remoteGlobalIDString = 09673A7D1AEF5B2E008C7240;
			remoteInfo = ZLSwipeableViewSwiftDemo;
		};
/* End PBXContainerItemProxy section */

/* Begin PBXFileReference section */
		09673A7E1AEF5B2E008C7240 /* ZLSwipeableViewSwiftDemo.app */ = {isa = PBXFileReference; explicitFileType = wrapper.application; includeInIndex = 0; path = ZLSwipeableViewSwiftDemo.app; sourceTree = BUILT_PRODUCTS_DIR; };
		09673A821AEF5B2E008C7240 /* Info.plist */ = {isa = PBXFileReference; lastKnownFileType = text.plist.xml; path = Info.plist; sourceTree = "<group>"; };
		09673A831AEF5B2E008C7240 /* AppDelegate.swift */ = {isa = PBXFileReference; lastKnownFileType = sourcecode.swift; path = AppDelegate.swift; sourceTree = "<group>"; };
		09673A851AEF5B2E008C7240 /* ZLSwipeableViewController.swift */ = {isa = PBXFileReference; lastKnownFileType = sourcecode.swift; path = ZLSwipeableViewController.swift; sourceTree = "<group>"; };
		09673A8A1AEF5B2E008C7240 /* Images.xcassets */ = {isa = PBXFileReference; lastKnownFileType = folder.assetcatalog; path = Images.xcassets; sourceTree = "<group>"; };
		09673A8D1AEF5B2E008C7240 /* Base */ = {isa = PBXFileReference; lastKnownFileType = file.xib; name = Base; path = Base.lproj/LaunchScreen.xib; sourceTree = "<group>"; };
		09673A931AEF5B2E008C7240 /* ZLSwipeableViewSwiftDemoTests.xctest */ = {isa = PBXFileReference; explicitFileType = wrapper.cfbundle; includeInIndex = 0; path = ZLSwipeableViewSwiftDemoTests.xctest; sourceTree = BUILT_PRODUCTS_DIR; };
		09673A981AEF5B2E008C7240 /* Info.plist */ = {isa = PBXFileReference; lastKnownFileType = text.plist.xml; path = Info.plist; sourceTree = "<group>"; };
		09673A991AEF5B2E008C7240 /* ZLSwipeableViewSwiftDemoTests.swift */ = {isa = PBXFileReference; lastKnownFileType = sourcecode.swift; path = ZLSwipeableViewSwiftDemoTests.swift; sourceTree = "<group>"; };
		098070A11B12ECAD00C90479 /* CardView.swift */ = {isa = PBXFileReference; fileEncoding = 4; lastKnownFileType = sourcecode.swift; path = CardView.swift; sourceTree = "<group>"; };
		098070A31B12ED6400C90479 /* CardContentView.xib */ = {isa = PBXFileReference; fileEncoding = 4; lastKnownFileType = file.xib; path = CardContentView.xib; sourceTree = "<group>"; };
		098070AA1B13D69300C90479 /* MenuTableViewController.swift */ = {isa = PBXFileReference; fileEncoding = 4; lastKnownFileType = sourcecode.swift; path = MenuTableViewController.swift; sourceTree = "<group>"; };
		098070AC1B13DEA600C90479 /* HistoryDemoViewController.swift */ = {isa = PBXFileReference; fileEncoding = 4; lastKnownFileType = sourcecode.swift; path = HistoryDemoViewController.swift; sourceTree = "<group>"; };
		098070AE1B13E4EC00C90479 /* CustomAnimationDemoViewController.swift */ = {isa = PBXFileReference; fileEncoding = 4; lastKnownFileType = sourcecode.swift; path = CustomAnimationDemoViewController.swift; sourceTree = "<group>"; };
		098070B01B13E9B900C90479 /* CustomSwipeDemoViewController.swift */ = {isa = PBXFileReference; fileEncoding = 4; lastKnownFileType = sourcecode.swift; path = CustomSwipeDemoViewController.swift; sourceTree = "<group>"; };
		098070B21B13EDB800C90479 /* CustomDirectionDemoViewController.swift */ = {isa = PBXFileReference; fileEncoding = 4; lastKnownFileType = sourcecode.swift; path = CustomDirectionDemoViewController.swift; sourceTree = "<group>"; };
		099CF6401BDABF8600D05FAA /* PreviousViewDemoViewController.swift */ = {isa = PBXFileReference; fileEncoding = 4; lastKnownFileType = sourcecode.swift; path = PreviousViewDemoViewController.swift; sourceTree = "<group>"; };
		09B2F5281B32018000ECD8B1 /* ShouldSwipeDemoViewController.swift */ = {isa = PBXFileReference; fileEncoding = 4; lastKnownFileType = sourcecode.swift; path = ShouldSwipeDemoViewController.swift; sourceTree = "<group>"; };
		09E79D161BDA002F00A609A1 /* DirectionTests.swift */ = {isa = PBXFileReference; fileEncoding = 4; lastKnownFileType = sourcecode.swift; path = DirectionTests.swift; sourceTree = "<group>"; };
		09E79D181BDA058000A609A1 /* ViewManagerTests.swift */ = {isa = PBXFileReference; fileEncoding = 4; lastKnownFileType = sourcecode.swift; path = ViewManagerTests.swift; sourceTree = "<group>"; };
		09E79D1A1BDAA5BD00A609A1 /* AlwaysSwipeDemoViewController.swift */ = {isa = PBXFileReference; fileEncoding = 4; lastKnownFileType = sourcecode.swift; path = AlwaysSwipeDemoViewController.swift; sourceTree = "<group>"; };
		2BEB7EDF499F2D90A9D123AB /* Pods.framework */ = {isa = PBXFileReference; explicitFileType = wrapper.framework; includeInIndex = 0; path = Pods.framework; sourceTree = BUILT_PRODUCTS_DIR; };
		466AFFF11CEB912C006FF62A /* Direction.swift */ = {isa = PBXFileReference; fileEncoding = 4; lastKnownFileType = sourcecode.swift; path = Direction.swift; sourceTree = "<group>"; };
		466AFFF21CEB912C006FF62A /* Scheduler.swift */ = {isa = PBXFileReference; fileEncoding = 4; lastKnownFileType = sourcecode.swift; path = Scheduler.swift; sourceTree = "<group>"; };
		466AFFF31CEB912C006FF62A /* ViewManager.swift */ = {isa = PBXFileReference; fileEncoding = 4; lastKnownFileType = sourcecode.swift; path = ViewManager.swift; sourceTree = "<group>"; };
		466AFFF41CEB912C006FF62A /* ZLSwipeableView.swift */ = {isa = PBXFileReference; fileEncoding = 4; lastKnownFileType = sourcecode.swift; path = ZLSwipeableView.swift; sourceTree = "<group>"; };
		4AEF23DC622C3A7E809F3742 /* Pods-ZLSwipeableViewSwiftDemo.release.xcconfig */ = {isa = PBXFileReference; includeInIndex = 1; lastKnownFileType = text.xcconfig; name = "Pods-ZLSwipeableViewSwiftDemo.release.xcconfig"; path = "Pods/Target Support Files/Pods-ZLSwipeableViewSwiftDemo/Pods-ZLSwipeableViewSwiftDemo.release.xcconfig"; sourceTree = "<group>"; };
		4BA34855EB4A4C2074C86E94 /* Pods-ZLSwipeableViewSwiftDemo.debug.xcconfig */ = {isa = PBXFileReference; includeInIndex = 1; lastKnownFileType = text.xcconfig; name = "Pods-ZLSwipeableViewSwiftDemo.debug.xcconfig"; path = "Pods/Target Support Files/Pods-ZLSwipeableViewSwiftDemo/Pods-ZLSwipeableViewSwiftDemo.debug.xcconfig"; sourceTree = "<group>"; };
		7AD45CD586A46370C71D08D2 /* Pods_ZLSwipeableViewSwiftDemo.framework */ = {isa = PBXFileReference; explicitFileType = wrapper.framework; includeInIndex = 0; path = Pods_ZLSwipeableViewSwiftDemo.framework; sourceTree = BUILT_PRODUCTS_DIR; };
		9C86DA0F3A6E1F9D418584CE /* Pods_ZLSwipeableViewSwiftDemoTests.framework */ = {isa = PBXFileReference; explicitFileType = wrapper.framework; includeInIndex = 0; path = Pods_ZLSwipeableViewSwiftDemoTests.framework; sourceTree = BUILT_PRODUCTS_DIR; };
		C998BF9C49543ECF772E8671 /* Pods-ZLSwipeableViewSwiftDemoTests.release.xcconfig */ = {isa = PBXFileReference; includeInIndex = 1; lastKnownFileType = text.xcconfig; name = "Pods-ZLSwipeableViewSwiftDemoTests.release.xcconfig"; path = "Pods/Target Support Files/Pods-ZLSwipeableViewSwiftDemoTests/Pods-ZLSwipeableViewSwiftDemoTests.release.xcconfig"; sourceTree = "<group>"; };
		E98741382FDFBC754EDA0B1E /* Pods-ZLSwipeableViewSwiftDemoTests.debug.xcconfig */ = {isa = PBXFileReference; includeInIndex = 1; lastKnownFileType = text.xcconfig; name = "Pods-ZLSwipeableViewSwiftDemoTests.debug.xcconfig"; path = "Pods/Target Support Files/Pods-ZLSwipeableViewSwiftDemoTests/Pods-ZLSwipeableViewSwiftDemoTests.debug.xcconfig"; sourceTree = "<group>"; };
/* End PBXFileReference section */

/* Begin PBXFrameworksBuildPhase section */
		09673A7B1AEF5B2E008C7240 /* Frameworks */ = {
			isa = PBXFrameworksBuildPhase;
			buildActionMask = 2147483647;
			files = (
				CFDAB0BCDA1CAF5B54DF76AF /* Pods_ZLSwipeableViewSwiftDemo.framework in Frameworks */,
			);
			runOnlyForDeploymentPostprocessing = 0;
		};
		09673A901AEF5B2E008C7240 /* Frameworks */ = {
			isa = PBXFrameworksBuildPhase;
			buildActionMask = 2147483647;
			files = (
				946427F2EE69625DD2E9241B /* Pods_ZLSwipeableViewSwiftDemoTests.framework in Frameworks */,
			);
			runOnlyForDeploymentPostprocessing = 0;
		};
/* End PBXFrameworksBuildPhase section */

/* Begin PBXGroup section */
		095B859E37702BB8A7139212 /* Frameworks */ = {
			isa = PBXGroup;
			children = (
				2BEB7EDF499F2D90A9D123AB /* Pods.framework */,
				7AD45CD586A46370C71D08D2 /* Pods_ZLSwipeableViewSwiftDemo.framework */,
				9C86DA0F3A6E1F9D418584CE /* Pods_ZLSwipeableViewSwiftDemoTests.framework */,
			);
			name = Frameworks;
			sourceTree = "<group>";
		};
		09673A751AEF5B2E008C7240 = {
			isa = PBXGroup;
			children = (
				098070A51B12EDF400C90479 /* ZLSwipeableViewSwift */,
				09673A801AEF5B2E008C7240 /* ZLSwipeableViewSwiftDemo */,
				09673A961AEF5B2E008C7240 /* ZLSwipeableViewSwiftDemoTests */,
				09673A7F1AEF5B2E008C7240 /* Products */,
				095B859E37702BB8A7139212 /* Frameworks */,
				2D6DC7A383D6085A240A1A07 /* Pods */,
			);
			sourceTree = "<group>";
		};
		09673A7F1AEF5B2E008C7240 /* Products */ = {
			isa = PBXGroup;
			children = (
				09673A7E1AEF5B2E008C7240 /* ZLSwipeableViewSwiftDemo.app */,
				09673A931AEF5B2E008C7240 /* ZLSwipeableViewSwiftDemoTests.xctest */,
			);
			name = Products;
			sourceTree = "<group>";
		};
		09673A801AEF5B2E008C7240 /* ZLSwipeableViewSwiftDemo */ = {
			isa = PBXGroup;
			children = (
				09673A831AEF5B2E008C7240 /* AppDelegate.swift */,
				098070AA1B13D69300C90479 /* MenuTableViewController.swift */,
				09673A851AEF5B2E008C7240 /* ZLSwipeableViewController.swift */,
				098070AE1B13E4EC00C90479 /* CustomAnimationDemoViewController.swift */,
				098070B01B13E9B900C90479 /* CustomSwipeDemoViewController.swift */,
				098070B21B13EDB800C90479 /* CustomDirectionDemoViewController.swift */,
				098070AC1B13DEA600C90479 /* HistoryDemoViewController.swift */,
				099CF6401BDABF8600D05FAA /* PreviousViewDemoViewController.swift */,
				09B2F5281B32018000ECD8B1 /* ShouldSwipeDemoViewController.swift */,
				09E79D1A1BDAA5BD00A609A1 /* AlwaysSwipeDemoViewController.swift */,
				098070A11B12ECAD00C90479 /* CardView.swift */,
				098070A31B12ED6400C90479 /* CardContentView.xib */,
				09673A8A1AEF5B2E008C7240 /* Images.xcassets */,
				09673A8C1AEF5B2E008C7240 /* LaunchScreen.xib */,
				09673A811AEF5B2E008C7240 /* Supporting Files */,
			);
			path = ZLSwipeableViewSwiftDemo;
			sourceTree = "<group>";
		};
		09673A811AEF5B2E008C7240 /* Supporting Files */ = {
			isa = PBXGroup;
			children = (
				09673A821AEF5B2E008C7240 /* Info.plist */,
			);
			name = "Supporting Files";
			sourceTree = "<group>";
		};
		09673A961AEF5B2E008C7240 /* ZLSwipeableViewSwiftDemoTests */ = {
			isa = PBXGroup;
			children = (
				09673A991AEF5B2E008C7240 /* ZLSwipeableViewSwiftDemoTests.swift */,
				09E79D161BDA002F00A609A1 /* DirectionTests.swift */,
				09E79D181BDA058000A609A1 /* ViewManagerTests.swift */,
				09673A971AEF5B2E008C7240 /* Supporting Files */,
			);
			path = ZLSwipeableViewSwiftDemoTests;
			sourceTree = "<group>";
		};
		09673A971AEF5B2E008C7240 /* Supporting Files */ = {
			isa = PBXGroup;
			children = (
				09673A981AEF5B2E008C7240 /* Info.plist */,
			);
			name = "Supporting Files";
			sourceTree = "<group>";
		};
		098070A51B12EDF400C90479 /* ZLSwipeableViewSwift */ = {
			isa = PBXGroup;
			children = (
				466AFFF11CEB912C006FF62A /* Direction.swift */,
				466AFFF21CEB912C006FF62A /* Scheduler.swift */,
				466AFFF31CEB912C006FF62A /* ViewManager.swift */,
				466AFFF41CEB912C006FF62A /* ZLSwipeableView.swift */,
			);
			name = ZLSwipeableViewSwift;
			path = ../ZLSwipeableViewSwift;
			sourceTree = "<group>";
		};
		2D6DC7A383D6085A240A1A07 /* Pods */ = {
			isa = PBXGroup;
			children = (
				4BA34855EB4A4C2074C86E94 /* Pods-ZLSwipeableViewSwiftDemo.debug.xcconfig */,
				4AEF23DC622C3A7E809F3742 /* Pods-ZLSwipeableViewSwiftDemo.release.xcconfig */,
				E98741382FDFBC754EDA0B1E /* Pods-ZLSwipeableViewSwiftDemoTests.debug.xcconfig */,
				C998BF9C49543ECF772E8671 /* Pods-ZLSwipeableViewSwiftDemoTests.release.xcconfig */,
			);
			name = Pods;
			sourceTree = "<group>";
		};
/* End PBXGroup section */

/* Begin PBXNativeTarget section */
		09673A7D1AEF5B2E008C7240 /* ZLSwipeableViewSwiftDemo */ = {
			isa = PBXNativeTarget;
			buildConfigurationList = 09673A9D1AEF5B2E008C7240 /* Build configuration list for PBXNativeTarget "ZLSwipeableViewSwiftDemo" */;
			buildPhases = (
				D24BFC2495CE4E130B5E094B /* [CP] Check Pods Manifest.lock */,
				09673A7A1AEF5B2E008C7240 /* Sources */,
				09673A7B1AEF5B2E008C7240 /* Frameworks */,
				09673A7C1AEF5B2E008C7240 /* Resources */,
				E5D2B40DEBA6A247D56624AF /* [CP] Embed Pods Frameworks */,
				BA28B0EB3A205B986C485274 /* [CP] Copy Pods Resources */,
			);
			buildRules = (
			);
			dependencies = (
			);
			name = ZLSwipeableViewSwiftDemo;
			productName = ZLSwipeableViewSwiftDemo;
			productReference = 09673A7E1AEF5B2E008C7240 /* ZLSwipeableViewSwiftDemo.app */;
			productType = "com.apple.product-type.application";
		};
		09673A921AEF5B2E008C7240 /* ZLSwipeableViewSwiftDemoTests */ = {
			isa = PBXNativeTarget;
			buildConfigurationList = 09673AA01AEF5B2E008C7240 /* Build configuration list for PBXNativeTarget "ZLSwipeableViewSwiftDemoTests" */;
			buildPhases = (
				4D987328BC4CEC44C1CC30CC /* [CP] Check Pods Manifest.lock */,
				09673A8F1AEF5B2E008C7240 /* Sources */,
				09673A901AEF5B2E008C7240 /* Frameworks */,
				09673A911AEF5B2E008C7240 /* Resources */,
				F8F67696DEC4CE910050511D /* [CP] Embed Pods Frameworks */,
				B70B17461CAA93E656867E60 /* [CP] Copy Pods Resources */,
			);
			buildRules = (
			);
			dependencies = (
				09673A951AEF5B2E008C7240 /* PBXTargetDependency */,
			);
			name = ZLSwipeableViewSwiftDemoTests;
			productName = ZLSwipeableViewSwiftDemoTests;
			productReference = 09673A931AEF5B2E008C7240 /* ZLSwipeableViewSwiftDemoTests.xctest */;
			productType = "com.apple.product-type.bundle.unit-test";
		};
/* End PBXNativeTarget section */

/* Begin PBXProject section */
		09673A761AEF5B2E008C7240 /* Project object */ = {
			isa = PBXProject;
			attributes = {
				LastSwiftUpdateCheck = 0700;
				LastUpgradeCheck = 0730;
				ORGANIZATIONNAME = "Zhixuan Lai";
				TargetAttributes = {
					09673A7D1AEF5B2E008C7240 = {
						CreatedOnToolsVersion = 6.3.1;
						LastSwiftMigration = 0810;
					};
					09673A921AEF5B2E008C7240 = {
						CreatedOnToolsVersion = 6.3.1;
						LastSwiftMigration = 0810;
						TestTargetID = 09673A7D1AEF5B2E008C7240;
					};
				};
			};
			buildConfigurationList = 09673A791AEF5B2E008C7240 /* Build configuration list for PBXProject "ZLSwipeableViewSwiftDemo" */;
			compatibilityVersion = "Xcode 3.2";
			developmentRegion = English;
			hasScannedForEncodings = 0;
			knownRegions = (
				en,
				Base,
			);
			mainGroup = 09673A751AEF5B2E008C7240;
			productRefGroup = 09673A7F1AEF5B2E008C7240 /* Products */;
			projectDirPath = "";
			projectRoot = "";
			targets = (
				09673A7D1AEF5B2E008C7240 /* ZLSwipeableViewSwiftDemo */,
				09673A921AEF5B2E008C7240 /* ZLSwipeableViewSwiftDemoTests */,
			);
		};
/* End PBXProject section */

/* Begin PBXResourcesBuildPhase section */
		09673A7C1AEF5B2E008C7240 /* Resources */ = {
			isa = PBXResourcesBuildPhase;
			buildActionMask = 2147483647;
			files = (
				09673A8E1AEF5B2E008C7240 /* LaunchScreen.xib in Resources */,
				098070A41B12ED6400C90479 /* CardContentView.xib in Resources */,
				09673A8B1AEF5B2E008C7240 /* Images.xcassets in Resources */,
			);
			runOnlyForDeploymentPostprocessing = 0;
		};
		09673A911AEF5B2E008C7240 /* Resources */ = {
			isa = PBXResourcesBuildPhase;
			buildActionMask = 2147483647;
			files = (
			);
			runOnlyForDeploymentPostprocessing = 0;
		};
/* End PBXResourcesBuildPhase section */

/* Begin PBXShellScriptBuildPhase section */
		4D987328BC4CEC44C1CC30CC /* [CP] Check Pods Manifest.lock */ = {
			isa = PBXShellScriptBuildPhase;
			buildActionMask = 2147483647;
			files = (
			);
			inputPaths = (
			);
			name = "[CP] Check Pods Manifest.lock";
			outputPaths = (
			);
			runOnlyForDeploymentPostprocessing = 0;
			shellPath = /bin/sh;
			shellScript = "diff \"${PODS_ROOT}/../Podfile.lock\" \"${PODS_ROOT}/Manifest.lock\" > /dev/null\nif [ $? != 0 ] ; then\n    # print error to STDERR\n    echo \"error: The sandbox is not in sync with the Podfile.lock. Run 'pod install' or update your CocoaPods installation.\" >&2\n    exit 1\nfi\n";
			showEnvVarsInLog = 0;
		};
		B70B17461CAA93E656867E60 /* [CP] Copy Pods Resources */ = {
			isa = PBXShellScriptBuildPhase;
			buildActionMask = 2147483647;
			files = (
			);
			inputPaths = (
			);
			name = "[CP] Copy Pods Resources";
			outputPaths = (
			);
			runOnlyForDeploymentPostprocessing = 0;
			shellPath = /bin/sh;
			shellScript = "\"${SRCROOT}/Pods/Target Support Files/Pods-ZLSwipeableViewSwiftDemoTests/Pods-ZLSwipeableViewSwiftDemoTests-resources.sh\"\n";
			showEnvVarsInLog = 0;
		};
		BA28B0EB3A205B986C485274 /* [CP] Copy Pods Resources */ = {
			isa = PBXShellScriptBuildPhase;
			buildActionMask = 2147483647;
			files = (
			);
			inputPaths = (
			);
			name = "[CP] Copy Pods Resources";
			outputPaths = (
			);
			runOnlyForDeploymentPostprocessing = 0;
			shellPath = /bin/sh;
			shellScript = "\"${SRCROOT}/Pods/Target Support Files/Pods-ZLSwipeableViewSwiftDemo/Pods-ZLSwipeableViewSwiftDemo-resources.sh\"\n";
			showEnvVarsInLog = 0;
		};
		D24BFC2495CE4E130B5E094B /* [CP] Check Pods Manifest.lock */ = {
			isa = PBXShellScriptBuildPhase;
			buildActionMask = 2147483647;
			files = (
			);
			inputPaths = (
			);
			name = "[CP] Check Pods Manifest.lock";
			outputPaths = (
			);
			runOnlyForDeploymentPostprocessing = 0;
			shellPath = /bin/sh;
			shellScript = "diff \"${PODS_ROOT}/../Podfile.lock\" \"${PODS_ROOT}/Manifest.lock\" > /dev/null\nif [ $? != 0 ] ; then\n    # print error to STDERR\n    echo \"error: The sandbox is not in sync with the Podfile.lock. Run 'pod install' or update your CocoaPods installation.\" >&2\n    exit 1\nfi\n";
			showEnvVarsInLog = 0;
		};
		E5D2B40DEBA6A247D56624AF /* [CP] Embed Pods Frameworks */ = {
			isa = PBXShellScriptBuildPhase;
			buildActionMask = 2147483647;
			files = (
			);
			inputPaths = (
			);
			name = "[CP] Embed Pods Frameworks";
			outputPaths = (
			);
			runOnlyForDeploymentPostprocessing = 0;
			shellPath = /bin/sh;
			shellScript = "\"${SRCROOT}/Pods/Target Support Files/Pods-ZLSwipeableViewSwiftDemo/Pods-ZLSwipeableViewSwiftDemo-frameworks.sh\"\n";
			showEnvVarsInLog = 0;
		};
		F8F67696DEC4CE910050511D /* [CP] Embed Pods Frameworks */ = {
			isa = PBXShellScriptBuildPhase;
			buildActionMask = 2147483647;
			files = (
			);
			inputPaths = (
			);
			name = "[CP] Embed Pods Frameworks";
			outputPaths = (
			);
			runOnlyForDeploymentPostprocessing = 0;
			shellPath = /bin/sh;
			shellScript = "\"${SRCROOT}/Pods/Target Support Files/Pods-ZLSwipeableViewSwiftDemoTests/Pods-ZLSwipeableViewSwiftDemoTests-frameworks.sh\"\n";
			showEnvVarsInLog = 0;
		};
/* End PBXShellScriptBuildPhase section */

/* Begin PBXSourcesBuildPhase section */
		09673A7A1AEF5B2E008C7240 /* Sources */ = {
			isa = PBXSourcesBuildPhase;
			buildActionMask = 2147483647;
			files = (
				466AFFF61CEB912C006FF62A /* Scheduler.swift in Sources */,
				098070AF1B13E4EC00C90479 /* CustomAnimationDemoViewController.swift in Sources */,
				098070AD1B13DEA600C90479 /* HistoryDemoViewController.swift in Sources */,
				09E79D1B1BDAA5BD00A609A1 /* AlwaysSwipeDemoViewController.swift in Sources */,
				09B2F5291B32018000ECD8B1 /* ShouldSwipeDemoViewController.swift in Sources */,
				09673A861AEF5B2E008C7240 /* ZLSwipeableViewController.swift in Sources */,
				098070B31B13EDB800C90479 /* CustomDirectionDemoViewController.swift in Sources */,
				098070B11B13E9B900C90479 /* CustomSwipeDemoViewController.swift in Sources */,
				098070AB1B13D69300C90479 /* MenuTableViewController.swift in Sources */,
				09673A841AEF5B2E008C7240 /* AppDelegate.swift in Sources */,
				466AFFF81CEB912C006FF62A /* ZLSwipeableView.swift in Sources */,
				098070A21B12ECAD00C90479 /* CardView.swift in Sources */,
				099CF6411BDABF8600D05FAA /* PreviousViewDemoViewController.swift in Sources */,
				466AFFF71CEB912C006FF62A /* ViewManager.swift in Sources */,
				466AFFF51CEB912C006FF62A /* Direction.swift in Sources */,
			);
			runOnlyForDeploymentPostprocessing = 0;
		};
		09673A8F1AEF5B2E008C7240 /* Sources */ = {
			isa = PBXSourcesBuildPhase;
			buildActionMask = 2147483647;
			files = (
				09673A9A1AEF5B2E008C7240 /* ZLSwipeableViewSwiftDemoTests.swift in Sources */,
				09E79D191BDA058000A609A1 /* ViewManagerTests.swift in Sources */,
				09E79D171BDA002F00A609A1 /* DirectionTests.swift in Sources */,
			);
			runOnlyForDeploymentPostprocessing = 0;
		};
/* End PBXSourcesBuildPhase section */

/* Begin PBXTargetDependency section */
		09673A951AEF5B2E008C7240 /* PBXTargetDependency */ = {
			isa = PBXTargetDependency;
			target = 09673A7D1AEF5B2E008C7240 /* ZLSwipeableViewSwiftDemo */;
			targetProxy = 09673A941AEF5B2E008C7240 /* PBXContainerItemProxy */;
		};
/* End PBXTargetDependency section */

/* Begin PBXVariantGroup section */
		09673A8C1AEF5B2E008C7240 /* LaunchScreen.xib */ = {
			isa = PBXVariantGroup;
			children = (
				09673A8D1AEF5B2E008C7240 /* Base */,
			);
			name = LaunchScreen.xib;
			sourceTree = "<group>";
		};
/* End PBXVariantGroup section */

/* Begin XCBuildConfiguration section */
		09673A9B1AEF5B2E008C7240 /* Debug */ = {
			isa = XCBuildConfiguration;
			buildSettings = {
				ALWAYS_SEARCH_USER_PATHS = NO;
				CLANG_CXX_LANGUAGE_STANDARD = "gnu++0x";
				CLANG_CXX_LIBRARY = "libc++";
				CLANG_ENABLE_MODULES = YES;
				CLANG_ENABLE_OBJC_ARC = YES;
				CLANG_WARN_BOOL_CONVERSION = YES;
				CLANG_WARN_CONSTANT_CONVERSION = YES;
				CLANG_WARN_DIRECT_OBJC_ISA_USAGE = YES_ERROR;
				CLANG_WARN_EMPTY_BODY = YES;
				CLANG_WARN_ENUM_CONVERSION = YES;
				CLANG_WARN_INT_CONVERSION = YES;
				CLANG_WARN_OBJC_ROOT_CLASS = YES_ERROR;
				CLANG_WARN_UNREACHABLE_CODE = YES;
				CLANG_WARN__DUPLICATE_METHOD_MATCH = YES;
				"CODE_SIGN_IDENTITY[sdk=iphoneos*]" = "iPhone Developer";
				COPY_PHASE_STRIP = NO;
				DEBUG_INFORMATION_FORMAT = "dwarf-with-dsym";
				ENABLE_STRICT_OBJC_MSGSEND = YES;
				ENABLE_TESTABILITY = YES;
				GCC_C_LANGUAGE_STANDARD = gnu99;
				GCC_DYNAMIC_NO_PIC = NO;
				GCC_NO_COMMON_BLOCKS = YES;
				GCC_OPTIMIZATION_LEVEL = 0;
				GCC_PREPROCESSOR_DEFINITIONS = (
					"DEBUG=1",
					"$(inherited)",
				);
				GCC_SYMBOLS_PRIVATE_EXTERN = NO;
				GCC_WARN_64_TO_32_BIT_CONVERSION = YES;
				GCC_WARN_ABOUT_RETURN_TYPE = YES_ERROR;
				GCC_WARN_UNDECLARED_SELECTOR = YES;
				GCC_WARN_UNINITIALIZED_AUTOS = YES_AGGRESSIVE;
				GCC_WARN_UNUSED_FUNCTION = YES;
				GCC_WARN_UNUSED_VARIABLE = YES;
				IPHONEOS_DEPLOYMENT_TARGET = 8.3;
				MTL_ENABLE_DEBUG_INFO = YES;
				ONLY_ACTIVE_ARCH = YES;
				SDKROOT = iphoneos;
				SWIFT_OPTIMIZATION_LEVEL = "-Onone";
			};
			name = Debug;
		};
		09673A9C1AEF5B2E008C7240 /* Release */ = {
			isa = XCBuildConfiguration;
			buildSettings = {
				ALWAYS_SEARCH_USER_PATHS = NO;
				CLANG_CXX_LANGUAGE_STANDARD = "gnu++0x";
				CLANG_CXX_LIBRARY = "libc++";
				CLANG_ENABLE_MODULES = YES;
				CLANG_ENABLE_OBJC_ARC = YES;
				CLANG_WARN_BOOL_CONVERSION = YES;
				CLANG_WARN_CONSTANT_CONVERSION = YES;
				CLANG_WARN_DIRECT_OBJC_ISA_USAGE = YES_ERROR;
				CLANG_WARN_EMPTY_BODY = YES;
				CLANG_WARN_ENUM_CONVERSION = YES;
				CLANG_WARN_INT_CONVERSION = YES;
				CLANG_WARN_OBJC_ROOT_CLASS = YES_ERROR;
				CLANG_WARN_UNREACHABLE_CODE = YES;
				CLANG_WARN__DUPLICATE_METHOD_MATCH = YES;
				"CODE_SIGN_IDENTITY[sdk=iphoneos*]" = "iPhone Developer";
				COPY_PHASE_STRIP = NO;
				DEBUG_INFORMATION_FORMAT = "dwarf-with-dsym";
				ENABLE_NS_ASSERTIONS = NO;
				ENABLE_STRICT_OBJC_MSGSEND = YES;
				GCC_C_LANGUAGE_STANDARD = gnu99;
				GCC_NO_COMMON_BLOCKS = YES;
				GCC_WARN_64_TO_32_BIT_CONVERSION = YES;
				GCC_WARN_ABOUT_RETURN_TYPE = YES_ERROR;
				GCC_WARN_UNDECLARED_SELECTOR = YES;
				GCC_WARN_UNINITIALIZED_AUTOS = YES_AGGRESSIVE;
				GCC_WARN_UNUSED_FUNCTION = YES;
				GCC_WARN_UNUSED_VARIABLE = YES;
				IPHONEOS_DEPLOYMENT_TARGET = 8.3;
				MTL_ENABLE_DEBUG_INFO = NO;
				SDKROOT = iphoneos;
				VALIDATE_PRODUCT = YES;
			};
			name = Release;
		};
		09673A9E1AEF5B2E008C7240 /* Debug */ = {
			isa = XCBuildConfiguration;
			baseConfigurationReference = 4BA34855EB4A4C2074C86E94 /* Pods-ZLSwipeableViewSwiftDemo.debug.xcconfig */;
			buildSettings = {
				ASSETCATALOG_COMPILER_APPICON_NAME = AppIcon;
				INFOPLIST_FILE = ZLSwipeableViewSwiftDemo/Info.plist;
				LD_RUNPATH_SEARCH_PATHS = "$(inherited) @executable_path/Frameworks";
				PRODUCT_BUNDLE_IDENTIFIER = "com.axcel.$(PRODUCT_NAME:rfc1034identifier)";
				PRODUCT_NAME = "$(TARGET_NAME)";
				SWIFT_VERSION = 3.0;
			};
			name = Debug;
		};
		09673A9F1AEF5B2E008C7240 /* Release */ = {
			isa = XCBuildConfiguration;
			baseConfigurationReference = 4AEF23DC622C3A7E809F3742 /* Pods-ZLSwipeableViewSwiftDemo.release.xcconfig */;
			buildSettings = {
				ASSETCATALOG_COMPILER_APPICON_NAME = AppIcon;
				INFOPLIST_FILE = ZLSwipeableViewSwiftDemo/Info.plist;
				LD_RUNPATH_SEARCH_PATHS = "$(inherited) @executable_path/Frameworks";
				PRODUCT_BUNDLE_IDENTIFIER = "com.axcel.$(PRODUCT_NAME:rfc1034identifier)";
				PRODUCT_NAME = "$(TARGET_NAME)";
				SWIFT_VERSION = 3.0;
			};
			name = Release;
		};
		09673AA11AEF5B2E008C7240 /* Debug */ = {
			isa = XCBuildConfiguration;
			baseConfigurationReference = E98741382FDFBC754EDA0B1E /* Pods-ZLSwipeableViewSwiftDemoTests.debug.xcconfig */;
			buildSettings = {
				BUNDLE_LOADER = "$(TEST_HOST)";
				FRAMEWORK_SEARCH_PATHS = (
					"$(SDKROOT)/Developer/Library/Frameworks",
					"$(inherited)",
				);
				GCC_PREPROCESSOR_DEFINITIONS = (
					"DEBUG=1",
					"$(inherited)",
				);
				INFOPLIST_FILE = ZLSwipeableViewSwiftDemoTests/Info.plist;
				LD_RUNPATH_SEARCH_PATHS = "$(inherited) @executable_path/Frameworks @loader_path/Frameworks";
				PRODUCT_BUNDLE_IDENTIFIER = "com.axcel.$(PRODUCT_NAME:rfc1034identifier)";
				PRODUCT_NAME = "$(TARGET_NAME)";
				SWIFT_VERSION = 3.0;
				TEST_HOST = "$(BUILT_PRODUCTS_DIR)/ZLSwipeableViewSwiftDemo.app/ZLSwipeableViewSwiftDemo";
			};
			name = Debug;
		};
		09673AA21AEF5B2E008C7240 /* Release */ = {
			isa = XCBuildConfiguration;
			baseConfigurationReference = C998BF9C49543ECF772E8671 /* Pods-ZLSwipeableViewSwiftDemoTests.release.xcconfig */;
			buildSettings = {
				BUNDLE_LOADER = "$(TEST_HOST)";
				FRAMEWORK_SEARCH_PATHS = (
					"$(SDKROOT)/Developer/Library/Frameworks",
					"$(inherited)",
				);
				INFOPLIST_FILE = ZLSwipeableViewSwiftDemoTests/Info.plist;
				LD_RUNPATH_SEARCH_PATHS = "$(inherited) @executable_path/Frameworks @loader_path/Frameworks";
				PRODUCT_BUNDLE_IDENTIFIER = "com.axcel.$(PRODUCT_NAME:rfc1034identifier)";
				PRODUCT_NAME = "$(TARGET_NAME)";
				SWIFT_VERSION = 3.0;
				TEST_HOST = "$(BUILT_PRODUCTS_DIR)/ZLSwipeableViewSwiftDemo.app/ZLSwipeableViewSwiftDemo";
			};
			name = Release;
		};
/* End XCBuildConfiguration section */

/* Begin XCConfigurationList section */
		09673A791AEF5B2E008C7240 /* Build configuration list for PBXProject "ZLSwipeableViewSwiftDemo" */ = {
			isa = XCConfigurationList;
			buildConfigurations = (
				09673A9B1AEF5B2E008C7240 /* Debug */,
				09673A9C1AEF5B2E008C7240 /* Release */,
			);
			defaultConfigurationIsVisible = 0;
			defaultConfigurationName = Release;
		};
		09673A9D1AEF5B2E008C7240 /* Build configuration list for PBXNativeTarget "ZLSwipeableViewSwiftDemo" */ = {
			isa = XCConfigurationList;
			buildConfigurations = (
				09673A9E1AEF5B2E008C7240 /* Debug */,
				09673A9F1AEF5B2E008C7240 /* Release */,
			);
			defaultConfigurationIsVisible = 0;
			defaultConfigurationName = Release;
		};
		09673AA01AEF5B2E008C7240 /* Build configuration list for PBXNativeTarget "ZLSwipeableViewSwiftDemoTests" */ = {
			isa = XCConfigurationList;
			buildConfigurations = (
				09673AA11AEF5B2E008C7240 /* Debug */,
				09673AA21AEF5B2E008C7240 /* Release */,
			);
			defaultConfigurationIsVisible = 0;
			defaultConfigurationName = Release;
		};
/* End XCConfigurationList section */
	};
	rootObject = 09673A761AEF5B2E008C7240 /* Project object */;
}
