// !$*UTF8*$!
{
	archiveVersion = 1;
	classes = {
	};
	objectVersion = 46;
	objects = {

/* Begin PBXBuildFile section */
		09673A841AEF5B2E008C7240 /* AppDelegate.swift in Sources */ = {isa = PBXBuildFile; fileRef = 09673A831AEF5B2E008C7240 /* AppDelegate.swift */; };
		09673A861AEF5B2E008C7240 /* ViewController.swift in Sources */ = {isa = PBXBuildFile; fileRef = 09673A851AEF5B2E008C7240 /* ViewController.swift */; };
		09673A891AEF5B2E008C7240 /* Main.storyboard in Resources */ = {isa = PBXBuildFile; fileRef = 09673A871AEF5B2E008C7240 /* Main.storyboard */; };
		09673A8B1AEF5B2E008C7240 /* Images.xcassets in Resources */ = {isa = PBXBuildFile; fileRef = 09673A8A1AEF5B2E008C7240 /* Images.xcassets */; };
		09673A8E1AEF5B2E008C7240 /* LaunchScreen.xib in Resources */ = {isa = PBXBuildFile; fileRef = 09673A8C1AEF5B2E008C7240 /* LaunchScreen.xib */; };
		09673A9A1AEF5B2E008C7240 /* ZLSwipeableViewSwiftDemoTests.swift in Sources */ = {isa = PBXBuildFile; fileRef = 09673A991AEF5B2E008C7240 /* ZLSwipeableViewSwiftDemoTests.swift */; };
		09673AA41AEF5BD4008C7240 /* ZLSwipeableView.swift in Sources */ = {isa = PBXBuildFile; fileRef = 09673AA31AEF5BD4008C7240 /* ZLSwipeableView.swift */; };
		09673AA61AEF5BE5008C7240 /* ZLPanGestureRecognizer.swift in Sources */ = {isa = PBXBuildFile; fileRef = 09673AA51AEF5BE5008C7240 /* ZLPanGestureRecognizer.swift */; };
		098070A21B12ECAD00C90479 /* CardView.swift in Sources */ = {isa = PBXBuildFile; fileRef = 098070A11B12ECAD00C90479 /* CardView.swift */; };
		098070A41B12ED6400C90479 /* CardView.xib in Resources */ = {isa = PBXBuildFile; fileRef = 098070A31B12ED6400C90479 /* CardView.xib */; };
/* End PBXBuildFile section */

/* Begin PBXContainerItemProxy section */
		09673A941AEF5B2E008C7240 /* PBXContainerItemProxy */ = {
			isa = PBXContainerItemProxy;
			containerPortal = 09673A761AEF5B2E008C7240 /* Project object */;
			proxyType = 1;
			remoteGlobalIDString = 09673A7D1AEF5B2E008C7240;
			remoteInfo = ZLSwipeableViewSwiftDemo;
		};
/* End PBXContainerItemProxy section */

/* Begin PBXFileReference section */
		09673A7E1AEF5B2E008C7240 /* ZLSwipeableViewSwiftDemo.app */ = {isa = PBXFileReference; explicitFileType = wrapper.application; includeInIndex = 0; path = ZLSwipeableViewSwiftDemo.app; sourceTree = BUILT_PRODUCTS_DIR; };
		09673A821AEF5B2E008C7240 /* Info.plist */ = {isa = PBXFileReference; lastKnownFileType = text.plist.xml; path = Info.plist; sourceTree = "<group>"; };
		09673A831AEF5B2E008C7240 /* AppDelegate.swift */ = {isa = PBXFileReference; lastKnownFileType = sourcecode.swift; path = AppDelegate.swift; sourceTree = "<group>"; };
		09673A851AEF5B2E008C7240 /* ViewController.swift */ = {isa = PBXFileReference; lastKnownFileType = sourcecode.swift; path = ViewController.swift; sourceTree = "<group>"; };
		09673A881AEF5B2E008C7240 /* Base */ = {isa = PBXFileReference; lastKnownFileType = file.storyboard; name = Base; path = Base.lproj/Main.storyboard; sourceTree = "<group>"; };
		09673A8A1AEF5B2E008C7240 /* Images.xcassets */ = {isa = PBXFileReference; lastKnownFileType = folder.assetcatalog; path = Images.xcassets; sourceTree = "<group>"; };
		09673A8D1AEF5B2E008C7240 /* Base */ = {isa = PBXFileReference; lastKnownFileType = file.xib; name = Base; path = Base.lproj/LaunchScreen.xib; sourceTree = "<group>"; };
		09673A931AEF5B2E008C7240 /* ZLSwipeableViewSwiftDemoTests.xctest */ = {isa = PBXFileReference; explicitFileType = wrapper.cfbundle; includeInIndex = 0; path = ZLSwipeableViewSwiftDemoTests.xctest; sourceTree = BUILT_PRODUCTS_DIR; };
		09673A981AEF5B2E008C7240 /* Info.plist */ = {isa = PBXFileReference; lastKnownFileType = text.plist.xml; path = Info.plist; sourceTree = "<group>"; };
		09673A991AEF5B2E008C7240 /* ZLSwipeableViewSwiftDemoTests.swift */ = {isa = PBXFileReference; lastKnownFileType = sourcecode.swift; path = ZLSwipeableViewSwiftDemoTests.swift; sourceTree = "<group>"; };
		09673AA31AEF5BD4008C7240 /* ZLSwipeableView.swift */ = {isa = PBXFileReference; fileEncoding = 4; lastKnownFileType = sourcecode.swift; path = ZLSwipeableView.swift; sourceTree = "<group>"; };
		09673AA51AEF5BE5008C7240 /* ZLPanGestureRecognizer.swift */ = {isa = PBXFileReference; fileEncoding = 4; lastKnownFileType = sourcecode.swift; path = ZLPanGestureRecognizer.swift; sourceTree = "<group>"; };
		098070A11B12ECAD00C90479 /* CardView.swift */ = {isa = PBXFileReference; fileEncoding = 4; lastKnownFileType = sourcecode.swift; path = CardView.swift; sourceTree = "<group>"; };
		098070A31B12ED6400C90479 /* CardView.xib */ = {isa = PBXFileReference; fileEncoding = 4; lastKnownFileType = file.xib; path = CardView.xib; sourceTree = "<group>"; };
/* End PBXFileReference section */

/* Begin PBXFrameworksBuildPhase section */
		09673A7B1AEF5B2E008C7240 /* Frameworks */ = {
			isa = PBXFrameworksBuildPhase;
			buildActionMask = 2147483647;
			files = (
			);
			runOnlyForDeploymentPostprocessing = 0;
		};
		09673A901AEF5B2E008C7240 /* Frameworks */ = {
			isa = PBXFrameworksBuildPhase;
			buildActionMask = 2147483647;
			files = (
			);
			runOnlyForDeploymentPostprocessing = 0;
		};
/* End PBXFrameworksBuildPhase section */

/* Begin PBXGroup section */
		09673A751AEF5B2E008C7240 = {
			isa = PBXGroup;
			children = (
				099F1B901B11370300C524E6 /* ZLSwipeableViewSwift */,
				09673A801AEF5B2E008C7240 /* ZLSwipeableViewSwiftDemo */,
				09673A961AEF5B2E008C7240 /* ZLSwipeableViewSwiftDemoTests */,
				09673A7F1AEF5B2E008C7240 /* Products */,
			);
			sourceTree = "<group>";
		};
		09673A7F1AEF5B2E008C7240 /* Products */ = {
			isa = PBXGroup;
			children = (
				09673A7E1AEF5B2E008C7240 /* ZLSwipeableViewSwiftDemo.app */,
				09673A931AEF5B2E008C7240 /* ZLSwipeableViewSwiftDemoTests.xctest */,
			);
			name = Products;
			sourceTree = "<group>";
		};
		09673A801AEF5B2E008C7240 /* ZLSwipeableViewSwiftDemo */ = {
			isa = PBXGroup;
			children = (
				09673A831AEF5B2E008C7240 /* AppDelegate.swift */,
				09673A851AEF5B2E008C7240 /* ViewController.swift */,
				098070A11B12ECAD00C90479 /* CardView.swift */,
				098070A31B12ED6400C90479 /* CardView.xib */,
				09673A871AEF5B2E008C7240 /* Main.storyboard */,
				09673A8A1AEF5B2E008C7240 /* Images.xcassets */,
				09673A8C1AEF5B2E008C7240 /* LaunchScreen.xib */,
				09673A811AEF5B2E008C7240 /* Supporting Files */,
			);
			path = ZLSwipeableViewSwiftDemo;
			sourceTree = "<group>";
		};
		09673A811AEF5B2E008C7240 /* Supporting Files */ = {
			isa = PBXGroup;
			children = (
				09673A821AEF5B2E008C7240 /* Info.plist */,
			);
			name = "Supporting Files";
			sourceTree = "<group>";
		};
		09673A961AEF5B2E008C7240 /* ZLSwipeableViewSwiftDemoTests */ = {
			isa = PBXGroup;
			children = (
				09673A991AEF5B2E008C7240 /* ZLSwipeableViewSwiftDemoTests.swift */,
				09673A971AEF5B2E008C7240 /* Supporting Files */,
			);
			path = ZLSwipeableViewSwiftDemoTests;
			sourceTree = "<group>";
		};
		09673A971AEF5B2E008C7240 /* Supporting Files */ = {
			isa = PBXGroup;
			children = (
				09673A981AEF5B2E008C7240 /* Info.plist */,
			);
			name = "Supporting Files";
			sourceTree = "<group>";
		};
		099F1B901B11370300C524E6 /* ZLSwipeableViewSwift */ = {
			isa = PBXGroup;
			children = (
				09673AA31AEF5BD4008C7240 /* ZLSwipeableView.swift */,
				09673AA51AEF5BE5008C7240 /* ZLPanGestureRecognizer.swift */,
			);
			name = ZLSwipeableViewSwift;
			path = ZLSwipeableViewSwiftDemo;
			sourceTree = "<group>";
		};
/* End PBXGroup section */

/* Begin PBXNativeTarget section */
		09673A7D1AEF5B2E008C7240 /* ZLSwipeableViewSwiftDemo */ = {
			isa = PBXNativeTarget;
			buildConfigurationList = 09673A9D1AEF5B2E008C7240 /* Build configuration list for PBXNativeTarget "ZLSwipeableViewSwiftDemo" */;
			buildPhases = (
				09673A7A1AEF5B2E008C7240 /* Sources */,
				09673A7B1AEF5B2E008C7240 /* Frameworks */,
				09673A7C1AEF5B2E008C7240 /* Resources */,
			);
			buildRules = (
			);
			dependencies = (
			);
			name = ZLSwipeableViewSwiftDemo;
			productName = ZLSwipeableViewSwiftDemo;
			productReference = 09673A7E1AEF5B2E008C7240 /* ZLSwipeableViewSwiftDemo.app */;
			productType = "com.apple.product-type.application";
		};
		09673A921AEF5B2E008C7240 /* ZLSwipeableViewSwiftDemoTests */ = {
			isa = PBXNativeTarget;
			buildConfigurationList = 09673AA01AEF5B2E008C7240 /* Build configuration list for PBXNativeTarget "ZLSwipeableViewSwiftDemoTests" */;
			buildPhases = (
				09673A8F1AEF5B2E008C7240 /* Sources */,
				09673A901AEF5B2E008C7240 /* Frameworks */,
				09673A911AEF5B2E008C7240 /* Resources */,
			);
			buildRules = (
			);
			dependencies = (
				09673A951AEF5B2E008C7240 /* PBXTargetDependency */,
			);
			name = ZLSwipeableViewSwiftDemoTests;
			productName = ZLSwipeableViewSwiftDemoTests;
			productReference = 09673A931AEF5B2E008C7240 /* ZLSwipeableViewSwiftDemoTests.xctest */;
			productType = "com.apple.product-type.bundle.unit-test";
		};
/* End PBXNativeTarget section */

/* Begin PBXProject section */
		09673A761AEF5B2E008C7240 /* Project object */ = {
			isa = PBXProject;
			attributes = {
				LastUpgradeCheck = 0630;
				ORGANIZATIONNAME = "Zhixuan Lai";
				TargetAttributes = {
					09673A7D1AEF5B2E008C7240 = {
						CreatedOnToolsVersion = 6.3.1;
					};
					09673A921AEF5B2E008C7240 = {
						CreatedOnToolsVersion = 6.3.1;
						TestTargetID = 09673A7D1AEF5B2E008C7240;
					};
				};
			};
			buildConfigurationList = 09673A791AEF5B2E008C7240 /* Build configuration list for PBXProject "ZLSwipeableViewSwiftDemo" */;
			compatibilityVersion = "Xcode 3.2";
			developmentRegion = English;
			hasScannedForEncodings = 0;
			knownRegions = (
				en,
				Base,
			);
			mainGroup = 09673A751AEF5B2E008C7240;
			productRefGroup = 09673A7F1AEF5B2E008C7240 /* Products */;
			projectDirPath = "";
			projectRoot = "";
			targets = (
				09673A7D1AEF5B2E008C7240 /* ZLSwipeableViewSwiftDemo */,
				09673A921AEF5B2E008C7240 /* ZLSwipeableViewSwiftDemoTests */,
			);
		};
/* End PBXProject section */

/* Begin PBXResourcesBuildPhase section */
		09673A7C1AEF5B2E008C7240 /* Resources */ = {
			isa = PBXResourcesBuildPhase;
			buildActionMask = 2147483647;
			files = (
				09673A891AEF5B2E008C7240 /* Main.storyboard in Resources */,
				09673A8E1AEF5B2E008C7240 /* LaunchScreen.xib in Resources */,
				098070A41B12ED6400C90479 /* CardView.xib in Resources */,
				09673A8B1AEF5B2E008C7240 /* Images.xcassets in Resources */,
			);
			runOnlyForDeploymentPostprocessing = 0;
		};
		09673A911AEF5B2E008C7240 /* Resources */ = {
			isa = PBXResourcesBuildPhase;
			buildActionMask = 2147483647;
			files = (
			);
			runOnlyForDeploymentPostprocessing = 0;
		};
/* End PBXResourcesBuildPhase section */

/* Begin PBXSourcesBuildPhase section */
		09673A7A1AEF5B2E008C7240 /* Sources */ = {
			isa = PBXSourcesBuildPhase;
			buildActionMask = 2147483647;
			files = (
				09673A861AEF5B2E008C7240 /* ViewController.swift in Sources */,
				09673AA41AEF5BD4008C7240 /* ZLSwipeableView.swift in Sources */,
				09673A841AEF5B2E008C7240 /* AppDelegate.swift in Sources */,
				09673AA61AEF5BE5008C7240 /* ZLPanGestureRecognizer.swift in Sources */,
				098070A21B12ECAD00C90479 /* CardView.swift in Sources */,
			);
			runOnlyForDeploymentPostprocessing = 0;
		};
		09673A8F1AEF5B2E008C7240 /* Sources */ = {
			isa = PBXSourcesBuildPhase;
			buildActionMask = 2147483647;
			files = (
				09673A9A1AEF5B2E008C7240 /* ZLSwipeableViewSwiftDemoTests.swift in Sources */,
			);
			runOnlyForDeploymentPostprocessing = 0;
		};
/* End PBXSourcesBuildPhase section */

/* Begin PBXTargetDependency section */
		09673A951AEF5B2E008C7240 /* PBXTargetDependency */ = {
			isa = PBXTargetDependency;
			target = 09673A7D1AEF5B2E008C7240 /* ZLSwipeableViewSwiftDemo */;
			targetProxy = 09673A941AEF5B2E008C7240 /* PBXContainerItemProxy */;
		};
/* End PBXTargetDependency section */

/* Begin PBXVariantGroup section */
		09673A871AEF5B2E008C7240 /* Main.storyboard */ = {
			isa = PBXVariantGroup;
			children = (
				09673A881AEF5B2E008C7240 /* Base */,
			);
			name = Main.storyboard;
			sourceTree = "<group>";
		};
		09673A8C1AEF5B2E008C7240 /* LaunchScreen.xib */ = {
			isa = PBXVariantGroup;
			children = (
				09673A8D1AEF5B2E008C7240 /* Base */,
			);
			name = LaunchScreen.xib;
			sourceTree = "<group>";
		};
/* End PBXVariantGroup section */

/* Begin XCBuildConfiguration section */
		09673A9B1AEF5B2E008C7240 /* Debug */ = {
			isa = XCBuildConfiguration;
			buildSettings = {
				ALWAYS_SEARCH_USER_PATHS = NO;
				CLANG_CXX_LANGUAGE_STANDARD = "gnu++0x";
				CLANG_CXX_LIBRARY = "libc++";
				CLANG_ENABLE_MODULES = YES;
				CLANG_ENABLE_OBJC_ARC = YES;
				CLANG_WARN_BOOL_CONVERSION = YES;
				CLANG_WARN_CONSTANT_CONVERSION = YES;
				CLANG_WARN_DIRECT_OBJC_ISA_USAGE = YES_ERROR;
				CLANG_WARN_EMPTY_BODY = YES;
				CLANG_WARN_ENUM_CONVERSION = YES;
				CLANG_WARN_INT_CONVERSION = YES;
				CLANG_WARN_OBJC_ROOT_CLASS = YES_ERROR;
				CLANG_WARN_UNREACHABLE_CODE = YES;
				CLANG_WARN__DUPLICATE_METHOD_MATCH = YES;
				"CODE_SIGN_IDENTITY[sdk=iphoneos*]" = "iPhone Developer";
				COPY_PHASE_STRIP = NO;
				DEBUG_INFORMATION_FORMAT = "dwarf-with-dsym";
				ENABLE_STRICT_OBJC_MSGSEND = YES;
				GCC_C_LANGUAGE_STANDARD = gnu99;
				GCC_DYNAMIC_NO_PIC = NO;
				GCC_NO_COMMON_BLOCKS = YES;
				GCC_OPTIMIZATION_LEVEL = 0;
				GCC_PREPROCESSOR_DEFINITIONS = (
					"DEBUG=1",
					"$(inherited)",
				);
				GCC_SYMBOLS_PRIVATE_EXTERN = NO;
				GCC_WARN_64_TO_32_BIT_CONVERSION = YES;
				GCC_WARN_ABOUT_RETURN_TYPE = YES_ERROR;
				GCC_WARN_UNDECLARED_SELECTOR = YES;
				GCC_WARN_UNINITIALIZED_AUTOS = YES_AGGRESSIVE;
				GCC_WARN_UNUSED_FUNCTION = YES;
				GCC_WARN_UNUSED_VARIABLE = YES;
				IPHONEOS_DEPLOYMENT_TARGET = 8.3;
				MTL_ENABLE_DEBUG_INFO = YES;
				ONLY_ACTIVE_ARCH = YES;
				SDKROOT = iphoneos;
				SWIFT_OPTIMIZATION_LEVEL = "-Onone";
			};
			name = Debug;
		};
		09673A9C1AEF5B2E008C7240 /* Release */ = {
			isa = XCBuildConfiguration;
			buildSettings = {
				ALWAYS_SEARCH_USER_PATHS = NO;
				CLANG_CXX_LANGUAGE_STANDARD = "gnu++0x";
				CLANG_CXX_LIBRARY = "libc++";
				CLANG_ENABLE_MODULES = YES;
				CLANG_ENABLE_OBJC_ARC = YES;
				CLANG_WARN_BOOL_CONVERSION = YES;
				CLANG_WARN_CONSTANT_CONVERSION = YES;
				CLANG_WARN_DIRECT_OBJC_ISA_USAGE = YES_ERROR;
				CLANG_WARN_EMPTY_BODY = YES;
				CLANG_WARN_ENUM_CONVERSION = YES;
				CLANG_WARN_INT_CONVERSION = YES;
				CLANG_WARN_OBJC_ROOT_CLASS = YES_ERROR;
				CLANG_WARN_UNREACHABLE_CODE = YES;
				CLANG_WARN__DUPLICATE_METHOD_MATCH = YES;
				"CODE_SIGN_IDENTITY[sdk=iphoneos*]" = "iPhone Developer";
				COPY_PHASE_STRIP = NO;
				DEBUG_INFORMATION_FORMAT = "dwarf-with-dsym";
				ENABLE_NS_ASSERTIONS = NO;
				ENABLE_STRICT_OBJC_MSGSEND = YES;
				GCC_C_LANGUAGE_STANDARD = gnu99;
				GCC_NO_COMMON_BLOCKS = YES;
				GCC_WARN_64_TO_32_BIT_CONVERSION = YES;
				GCC_WARN_ABOUT_RETURN_TYPE = YES_ERROR;
				GCC_WARN_UNDECLARED_SELECTOR = YES;
				GCC_WARN_UNINITIALIZED_AUTOS = YES_AGGRESSIVE;
				GCC_WARN_UNUSED_FUNCTION = YES;
				GCC_WARN_UNUSED_VARIABLE = YES;
				IPHONEOS_DEPLOYMENT_TARGET = 8.3;
				MTL_ENABLE_DEBUG_INFO = NO;
				SDKROOT = iphoneos;
				VALIDATE_PRODUCT = YES;
			};
			name = Release;
		};
		09673A9E1AEF5B2E008C7240 /* Debug */ = {
			isa = XCBuildConfiguration;
			buildSettings = {
				ASSETCATALOG_COMPILER_APPICON_NAME = AppIcon;
				INFOPLIST_FILE = ZLSwipeableViewSwiftDemo/Info.plist;
				LD_RUNPATH_SEARCH_PATHS = "$(inherited) @executable_path/Frameworks";
				PRODUCT_NAME = "$(TARGET_NAME)";
			};
			name = Debug;
		};
		09673A9F1AEF5B2E008C7240 /* Release */ = {
			isa = XCBuildConfiguration;
			buildSettings = {
				ASSETCATALOG_COMPILER_APPICON_NAME = AppIcon;
				INFOPLIST_FILE = ZLSwipeableViewSwiftDemo/Info.plist;
				LD_RUNPATH_SEARCH_PATHS = "$(inherited) @executable_path/Frameworks";
				PRODUCT_NAME = "$(TARGET_NAME)";
			};
			name = Release;
		};
		09673AA11AEF5B2E008C7240 /* Debug */ = {
			isa = XCBuildConfiguration;
			buildSettings = {
				BUNDLE_LOADER = "$(TEST_HOST)";
				FRAMEWORK_SEARCH_PATHS = (
					"$(SDKROOT)/Developer/Library/Frameworks",
					"$(inherited)",
				);
				GCC_PREPROCESSOR_DEFINITIONS = (
					"DEBUG=1",
					"$(inherited)",
				);
				INFOPLIST_FILE = ZLSwipeableViewSwiftDemoTests/Info.plist;
				LD_RUNPATH_SEARCH_PATHS = "$(inherited) @executable_path/Frameworks @loader_path/Frameworks";
				PRODUCT_NAME = "$(TARGET_NAME)";
				TEST_HOST = "$(BUILT_PRODUCTS_DIR)/ZLSwipeableViewSwiftDemo.app/ZLSwipeableViewSwiftDemo";
			};
			name = Debug;
		};
		09673AA21AEF5B2E008C7240 /* Release */ = {
			isa = XCBuildConfiguration;
			buildSettings = {
				BUNDLE_LOADER = "$(TEST_HOST)";
				FRAMEWORK_SEARCH_PATHS = (
					"$(SDKROOT)/Developer/Library/Frameworks",
					"$(inherited)",
				);
				INFOPLIST_FILE = ZLSwipeableViewSwiftDemoTests/Info.plist;
				LD_RUNPATH_SEARCH_PATHS = "$(inherited) @executable_path/Frameworks @loader_path/Frameworks";
				PRODUCT_NAME = "$(TARGET_NAME)";
				TEST_HOST = "$(BUILT_PRODUCTS_DIR)/ZLSwipeableViewSwiftDemo.app/ZLSwipeableViewSwiftDemo";
			};
			name = Release;
		};
/* End XCBuildConfiguration section */

/* Begin XCConfigurationList section */
		09673A791AEF5B2E008C7240 /* Build configuration list for PBXProject "ZLSwipeableViewSwiftDemo" */ = {
			isa = XCConfigurationList;
			buildConfigurations = (
				09673A9B1AEF5B2E008C7240 /* Debug */,
				09673A9C1AEF5B2E008C7240 /* Release */,
			);
			defaultConfigurationIsVisible = 0;
			defaultConfigurationName = Release;
		};
		09673A9D1AEF5B2E008C7240 /* Build configuration list for PBXNativeTarget "ZLSwipeableViewSwiftDemo" */ = {
			isa = XCConfigurationList;
			buildConfigurations = (
				09673A9E1AEF5B2E008C7240 /* Debug */,
				09673A9F1AEF5B2E008C7240 /* Release */,
			);
			defaultConfigurationIsVisible = 0;
			defaultConfigurationName = Release;
		};
		09673AA01AEF5B2E008C7240 /* Build configuration list for PBXNativeTarget "ZLSwipeableViewSwiftDemoTests" */ = {
			isa = XCConfigurationList;
			buildConfigurations = (
				09673AA11AEF5B2E008C7240 /* Debug */,
				09673AA21AEF5B2E008C7240 /* Release */,
			);
			defaultConfigurationIsVisible = 0;
			defaultConfigurationName = Release;
		};
/* End XCConfigurationList section */
	};
	rootObject = 09673A761AEF5B2E008C7240 /* Project object */;
}
